// !$*UTF8*$!
{
	archiveVersion = 1;
	classes = {
	};
	objectVersion = 50;
	objects = {

/* Begin PBXBuildFile section */
		D109E9672399482F004A4093 /* AppDelegate.swift in Sources */ = {isa = PBXBuildFile; fileRef = D109E9662399482F004A4093 /* AppDelegate.swift */; };
		D109E96D23994831004A4093 /* Assets.xcassets in Resources */ = {isa = PBXBuildFile; fileRef = D109E96C23994831004A4093 /* Assets.xcassets */; };
		D109E97023994831004A4093 /* Preview Assets.xcassets in Resources */ = {isa = PBXBuildFile; fileRef = D109E96F23994831004A4093 /* Preview Assets.xcassets */; };
		D109E97323994831004A4093 /* LaunchScreen.storyboard in Resources */ = {isa = PBXBuildFile; fileRef = D109E97123994831004A4093 /* LaunchScreen.storyboard */; };
		D109E97D239948B0004A4093 /* ViewController.swift in Sources */ = {isa = PBXBuildFile; fileRef = D109E97C239948B0004A4093 /* ViewController.swift */; };
		D109E97F239948F8004A4093 /* AddViewController.swift in Sources */ = {isa = PBXBuildFile; fileRef = D109E97E239948F8004A4093 /* AddViewController.swift */; };
		D109E98123994914004A4093 /* ArtistViewController.swift in Sources */ = {isa = PBXBuildFile; fileRef = D109E98023994914004A4093 /* ArtistViewController.swift */; };
		D109E9832399493C004A4093 /* CelebrityTableViewCell.swift in Sources */ = {isa = PBXBuildFile; fileRef = D109E9822399493C004A4093 /* CelebrityTableViewCell.swift */; };
		D1FEE97223994974006B0364 /* Celebrity.swift in Sources */ = {isa = PBXBuildFile; fileRef = D1FEE97123994974006B0364 /* Celebrity.swift */; };
		D1FEE97423994992006B0364 /* ArtistHeader.swift in Sources */ = {isa = PBXBuildFile; fileRef = D1FEE97323994992006B0364 /* ArtistHeader.swift */; };
/* End PBXBuildFile section */

/* Begin PBXFileReference section */
		D109E9632399482F004A4093 /* A-List.app */ = {isa = PBXFileReference; explicitFileType = wrapper.application; includeInIndex = 0; path = "A-List.app"; sourceTree = BUILT_PRODUCTS_DIR; };
		D109E9662399482F004A4093 /* AppDelegate.swift */ = {isa = PBXFileReference; lastKnownFileType = sourcecode.swift; path = AppDelegate.swift; sourceTree = "<group>"; };
		D109E96C23994831004A4093 /* Assets.xcassets */ = {isa = PBXFileReference; lastKnownFileType = folder.assetcatalog; path = Assets.xcassets; sourceTree = "<group>"; };
		D109E96F23994831004A4093 /* Preview Assets.xcassets */ = {isa = PBXFileReference; lastKnownFileType = folder.assetcatalog; path = "Preview Assets.xcassets"; sourceTree = "<group>"; };
		D109E97223994831004A4093 /* Base */ = {isa = PBXFileReference; lastKnownFileType = file.storyboard; name = Base; path = Base.lproj/LaunchScreen.storyboard; sourceTree = "<group>"; };
		D109E97423994831004A4093 /* Info.plist */ = {isa = PBXFileReference; lastKnownFileType = text.plist.xml; path = Info.plist; sourceTree = "<group>"; };
		D109E97C239948B0004A4093 /* ViewController.swift */ = {isa = PBXFileReference; lastKnownFileType = sourcecode.swift; path = ViewController.swift; sourceTree = "<group>"; };
		D109E97E239948F8004A4093 /* AddViewController.swift */ = {isa = PBXFileReference; lastKnownFileType = sourcecode.swift; path = AddViewController.swift; sourceTree = "<group>"; };
		D109E98023994914004A4093 /* ArtistViewController.swift */ = {isa = PBXFileReference; lastKnownFileType = sourcecode.swift; path = ArtistViewController.swift; sourceTree = "<group>"; };
		D109E9822399493C004A4093 /* CelebrityTableViewCell.swift */ = {isa = PBXFileReference; lastKnownFileType = sourcecode.swift; path = CelebrityTableViewCell.swift; sourceTree = "<group>"; };
		D1FEE97123994974006B0364 /* Celebrity.swift */ = {isa = PBXFileReference; lastKnownFileType = sourcecode.swift; path = Celebrity.swift; sourceTree = "<group>"; };
		D1FEE97323994992006B0364 /* ArtistHeader.swift */ = {isa = PBXFileReference; lastKnownFileType = sourcecode.swift; path = ArtistHeader.swift; sourceTree = "<group>"; };
/* End PBXFileReference section */

/* Begin PBXFrameworksBuildPhase section */
		D109E9602399482F004A4093 /* Frameworks */ = {
			isa = PBXFrameworksBuildPhase;
			buildActionMask = 2147483647;
			files = (
			);
			runOnlyForDeploymentPostprocessing = 0;
		};
/* End PBXFrameworksBuildPhase section */

/* Begin PBXGroup section */
		D109E95A2399482F004A4093 = {
			isa = PBXGroup;
			children = (
				D109E9652399482F004A4093 /* A-List */,
				D109E9642399482F004A4093 /* Products */,
			);
			sourceTree = "<group>";
		};
		D109E9642399482F004A4093 /* Products */ = {
			isa = PBXGroup;
			children = (
				D109E9632399482F004A4093 /* A-List.app */,
			);
			name = Products;
			sourceTree = "<group>";
		};
		D109E9652399482F004A4093 /* A-List */ = {
			isa = PBXGroup;
			children = (
				D109E9662399482F004A4093 /* AppDelegate.swift */,
				D109E97E239948F8004A4093 /* AddViewController.swift */,
				D109E98023994914004A4093 /* ArtistViewController.swift */,
				D109E9822399493C004A4093 /* CelebrityTableViewCell.swift */,
				D1FEE97123994974006B0364 /* Celebrity.swift */,
				D1FEE97323994992006B0364 /* ArtistHeader.swift */,
				D109E97C239948B0004A4093 /* ViewController.swift */,
				D109E96C23994831004A4093 /* Assets.xcassets */,
				D109E97123994831004A4093 /* LaunchScreen.storyboard */,
				D109E97423994831004A4093 /* Info.plist */,
				D109E96E23994831004A4093 /* Preview Content */,
			);
			path = "A-List";
			sourceTree = "<group>";
		};
		D109E96E23994831004A4093 /* Preview Content */ = {
			isa = PBXGroup;
			children = (
				D109E96F23994831004A4093 /* Preview Assets.xcassets */,
			);
			path = "Preview Content";
			sourceTree = "<group>";
		};
/* End PBXGroup section */

/* Begin PBXNativeTarget section */
		D109E9622399482F004A4093 /* A-List */ = {
			isa = PBXNativeTarget;
			buildConfigurationList = D109E97723994831004A4093 /* Build configuration list for PBXNativeTarget "A-List" */;
			buildPhases = (
				D109E95F2399482F004A4093 /* Sources */,
				D109E9602399482F004A4093 /* Frameworks */,
				D109E9612399482F004A4093 /* Resources */,
			);
			buildRules = (
			);
			dependencies = (
			);
			name = "A-List";
			productName = "A-List";
			productReference = D109E9632399482F004A4093 /* A-List.app */;
			productType = "com.apple.product-type.application";
		};
/* End PBXNativeTarget section */

/* Begin PBXProject section */
		D109E95B2399482F004A4093 /* Project object */ = {
			isa = PBXProject;
			attributes = {
				LastSwiftUpdateCheck = 1120;
				LastUpgradeCheck = 1120;
				ORGANIZATIONNAME = "Gabriella Smith";
				TargetAttributes = {
					D109E9622399482F004A4093 = {
						CreatedOnToolsVersion = 11.2.1;
					};
				};
			};
			buildConfigurationList = D109E95E2399482F004A4093 /* Build configuration list for PBXProject "A-List" */;
			compatibilityVersion = "Xcode 9.3";
			developmentRegion = en;
			hasScannedForEncodings = 0;
			knownRegions = (
				en,
				Base,
			);
			mainGroup = D109E95A2399482F004A4093;
			productRefGroup = D109E9642399482F004A4093 /* Products */;
			projectDirPath = "";
			projectRoot = "";
			targets = (
				D109E9622399482F004A4093 /* A-List */,
			);
		};
/* End PBXProject section */

/* Begin PBXResourcesBuildPhase section */
		D109E9612399482F004A4093 /* Resources */ = {
			isa = PBXResourcesBuildPhase;
			buildActionMask = 2147483647;
			files = (
				D109E97323994831004A4093 /* LaunchScreen.storyboard in Resources */,
				D109E97023994831004A4093 /* Preview Assets.xcassets in Resources */,
				D109E96D23994831004A4093 /* Assets.xcassets in Resources */,
			);
			runOnlyForDeploymentPostprocessing = 0;
		};
/* End PBXResourcesBuildPhase section */

/* Begin PBXSourcesBuildPhase section */
		D109E95F2399482F004A4093 /* Sources */ = {
			isa = PBXSourcesBuildPhase;
			buildActionMask = 2147483647;
			files = (
				D109E97D239948B0004A4093 /* ViewController.swift in Sources */,
				D1FEE97423994992006B0364 /* ArtistHeader.swift in Sources */,
				D1FEE97223994974006B0364 /* Celebrity.swift in Sources */,
				D109E9672399482F004A4093 /* AppDelegate.swift in Sources */,
				D109E97F239948F8004A4093 /* AddViewController.swift in Sources */,
				D109E9832399493C004A4093 /* CelebrityTableViewCell.swift in Sources */,
				D109E98123994914004A4093 /* ArtistViewController.swift in Sources */,
			);
			runOnlyForDeploymentPostprocessing = 0;
		};
/* End PBXSourcesBuildPhase section */

/* Begin PBXVariantGroup section */
		D109E97123994831004A4093 /* LaunchScreen.storyboard */ = {
			isa = PBXVariantGroup;
			children = (
				D109E97223994831004A4093 /* Base */,
			);
			name = LaunchScreen.storyboard;
			sourceTree = "<group>";
		};
/* End PBXVariantGroup section */

/* Begin XCBuildConfiguration section */
		D109E97523994831004A4093 /* Debug */ = {
			isa = XCBuildConfiguration;
			buildSettings = {
				ALWAYS_SEARCH_USER_PATHS = NO;
				CLANG_ANALYZER_NONNULL = YES;
				CLANG_ANALYZER_NUMBER_OBJECT_CONVERSION = YES_AGGRESSIVE;
				CLANG_CXX_LANGUAGE_STANDARD = "gnu++14";
				CLANG_CXX_LIBRARY = "libc++";
				CLANG_ENABLE_MODULES = YES;
				CLANG_ENABLE_OBJC_ARC = YES;
				CLANG_ENABLE_OBJC_WEAK = YES;
				CLANG_WARN_BLOCK_CAPTURE_AUTORELEASING = YES;
				CLANG_WARN_BOOL_CONVERSION = YES;
				CLANG_WARN_COMMA = YES;
				CLANG_WARN_CONSTANT_CONVERSION = YES;
				CLANG_WARN_DEPRECATED_OBJC_IMPLEMENTATIONS = YES;
				CLANG_WARN_DIRECT_OBJC_ISA_USAGE = YES_ERROR;
				CLANG_WARN_DOCUMENTATION_COMMENTS = YES;
				CLANG_WARN_EMPTY_BODY = YES;
				CLANG_WARN_ENUM_CONVERSION = YES;
				CLANG_WARN_INFINITE_RECURSION = YES;
				CLANG_WARN_INT_CONVERSION = YES;
				CLANG_WARN_NON_LITERAL_NULL_CONVERSION = YES;
				CLANG_WARN_OBJC_IMPLICIT_RETAIN_SELF = YES;
				CLANG_WARN_OBJC_LITERAL_CONVERSION = YES;
				CLANG_WARN_OBJC_ROOT_CLASS = YES_ERROR;
				CLANG_WARN_RANGE_LOOP_ANALYSIS = YES;
				CLANG_WARN_STRICT_PROTOTYPES = YES;
				CLANG_WARN_SUSPICIOUS_MOVE = YES;
				CLANG_WARN_UNGUARDED_AVAILABILITY = YES_AGGRESSIVE;
				CLANG_WARN_UNREACHABLE_CODE = YES;
				CLANG_WARN__DUPLICATE_METHOD_MATCH = YES;
				COPY_PHASE_STRIP = NO;
				DEBUG_INFORMATION_FORMAT = dwarf;
				ENABLE_STRICT_OBJC_MSGSEND = YES;
				ENABLE_TESTABILITY = YES;
				GCC_C_LANGUAGE_STANDARD = gnu11;
				GCC_DYNAMIC_NO_PIC = NO;
				GCC_NO_COMMON_BLOCKS = YES;
				GCC_OPTIMIZATION_LEVEL = 0;
				GCC_PREPROCESSOR_DEFINITIONS = (
					"DEBUG=1",
					"$(inherited)",
				);
				GCC_WARN_64_TO_32_BIT_CONVERSION = YES;
				GCC_WARN_ABOUT_RETURN_TYPE = YES_ERROR;
				GCC_WARN_UNDECLARED_SELECTOR = YES;
				GCC_WARN_UNINITIALIZED_AUTOS = YES_AGGRESSIVE;
				GCC_WARN_UNUSED_FUNCTION = YES;
				GCC_WARN_UNUSED_VARIABLE = YES;
				IPHONEOS_DEPLOYMENT_TARGET = 13.2;
				MTL_ENABLE_DEBUG_INFO = INCLUDE_SOURCE;
				MTL_FAST_MATH = YES;
				ONLY_ACTIVE_ARCH = YES;
				SDKROOT = iphoneos;
				SWIFT_ACTIVE_COMPILATION_CONDITIONS = DEBUG;
				SWIFT_OPTIMIZATION_LEVEL = "-Onone";
			};
			name = Debug;
		};
		D109E97623994831004A4093 /* Release */ = {
			isa = XCBuildConfiguration;
			buildSettings = {
				ALWAYS_SEARCH_USER_PATHS = NO;
				CLANG_ANALYZER_NONNULL = YES;
				CLANG_ANALYZER_NUMBER_OBJECT_CONVERSION = YES_AGGRESSIVE;
				CLANG_CXX_LANGUAGE_STANDARD = "gnu++14";
				CLANG_CXX_LIBRARY = "libc++";
				CLANG_ENABLE_MODULES = YES;
				CLANG_ENABLE_OBJC_ARC = YES;
				CLANG_ENABLE_OBJC_WEAK = YES;
				CLANG_WARN_BLOCK_CAPTURE_AUTORELEASING = YES;
				CLANG_WARN_BOOL_CONVERSION = YES;
				CLANG_WARN_COMMA = YES;
				CLANG_WARN_CONSTANT_CONVERSION = YES;
				CLANG_WARN_DEPRECATED_OBJC_IMPLEMENTATIONS = YES;
				CLANG_WARN_DIRECT_OBJC_ISA_USAGE = YES_ERROR;
				CLANG_WARN_DOCUMENTATION_COMMENTS = YES;
				CLANG_WARN_EMPTY_BODY = YES;
				CLANG_WARN_ENUM_CONVERSION = YES;
				CLANG_WARN_INFINITE_RECURSION = YES;
				CLANG_WARN_INT_CONVERSION = YES;
				CLANG_WARN_NON_LITERAL_NULL_CONVERSION = YES;
				CLANG_WARN_OBJC_IMPLICIT_RETAIN_SELF = YES;
				CLANG_WARN_OBJC_LITERAL_CONVERSION = YES;
				CLANG_WARN_OBJC_ROOT_CLASS = YES_ERROR;
				CLANG_WARN_RANGE_LOOP_ANALYSIS = YES;
				CLANG_WARN_STRICT_PROTOTYPES = YES;
				CLANG_WARN_SUSPICIOUS_MOVE = YES;
				CLANG_WARN_UNGUARDED_AVAILABILITY = YES_AGGRESSIVE;
				CLANG_WARN_UNREACHABLE_CODE = YES;
				CLANG_WARN__DUPLICATE_METHOD_MATCH = YES;
				COPY_PHASE_STRIP = NO;
				DEBUG_INFORMATION_FORMAT = "dwarf-with-dsym";
				ENABLE_NS_ASSERTIONS = NO;
				ENABLE_STRICT_OBJC_MSGSEND = YES;
				GCC_C_LANGUAGE_STANDARD = gnu11;
				GCC_NO_COMMON_BLOCKS = YES;
				GCC_WARN_64_TO_32_BIT_CONVERSION = YES;
				GCC_WARN_ABOUT_RETURN_TYPE = YES_ERROR;
				GCC_WARN_UNDECLARED_SELECTOR = YES;
				GCC_WARN_UNINITIALIZED_AUTOS = YES_AGGRESSIVE;
				GCC_WARN_UNUSED_FUNCTION = YES;
				GCC_WARN_UNUSED_VARIABLE = YES;
				IPHONEOS_DEPLOYMENT_TARGET = 13.2;
				MTL_ENABLE_DEBUG_INFO = NO;
				MTL_FAST_MATH = YES;
				SDKROOT = iphoneos;
				SWIFT_COMPILATION_MODE = wholemodule;
				SWIFT_OPTIMIZATION_LEVEL = "-O";
				VALIDATE_PRODUCT = YES;
			};
			name = Release;
		};
		D109E97823994831004A4093 /* Debug */ = {
			isa = XCBuildConfiguration;
			buildSettings = {
				ASSETCATALOG_COMPILER_APPICON_NAME = AppIcon;
				CODE_SIGN_STYLE = Automatic;
				DEVELOPMENT_ASSET_PATHS = "\"A-List/Preview Content\"";
				ENABLE_PREVIEWS = YES;
				INFOPLIST_FILE = "A-List/Info.plist";
				LD_RUNPATH_SEARCH_PATHS = (
					"$(inherited)",
					"@executable_path/Frameworks",
				);
				PRODUCT_BUNDLE_IDENTIFIER = "Gabriella-Smith.A-List";
				PRODUCT_NAME = "$(TARGET_NAME)";
				SWIFT_VERSION = 5.0;
				TARGETED_DEVICE_FAMILY = "1,2";
			};
			name = Debug;
		};
		D109E97923994831004A4093 /* Release */ = {
			isa = XCBuildConfiguration;
			buildSettings = {
				ASSETCATALOG_COMPILER_APPICON_NAME = AppIcon;
				CODE_SIGN_STYLE = Automatic;
				DEVELOPMENT_ASSET_PATHS = "\"A-List/Preview Content\"";
				ENABLE_PREVIEWS = YES;
				INFOPLIST_FILE = "A-List/Info.plist";
				LD_RUNPATH_SEARCH_PATHS = (
					"$(inherited)",
					"@executable_path/Frameworks",
				);
				PRODUCT_BUNDLE_IDENTIFIER = "Gabriella-Smith.A-List";
				PRODUCT_NAME = "$(TARGET_NAME)";
				SWIFT_VERSION = 5.0;
				TARGETED_DEVICE_FAMILY = "1,2";
			};
			name = Release;
		};
/* End XCBuildConfiguration section */

/* Begin XCConfigurationList section */
		D109E95E2399482F004A4093 /* Build configuration list for PBXProject "A-List" */ = {
			isa = XCConfigurationList;
			buildConfigurations = (
				D109E97523994831004A4093 /* Debug */,
				D109E97623994831004A4093 /* Release */,
			);
			defaultConfigurationIsVisible = 0;
			defaultConfigurationName = Release;
		};
		D109E97723994831004A4093 /* Build configuration list for PBXNativeTarget "A-List" */ = {
			isa = XCConfigurationList;
			buildConfigurations = (
				D109E97823994831004A4093 /* Debug */,
				D109E97923994831004A4093 /* Release */,
			);
			defaultConfigurationIsVisible = 0;
			defaultConfigurationName = Release;
		};
/* End XCConfigurationList section */
	};
	rootObject = D109E95B2399482F004A4093 /* Project object */;
}
